Microsoft Visual Studio Solution File, Format Version 12.00
# Visual Studio 2012
Project("{0D997680-F8EC-5D31-87E7-B7B9619C7C6C}") = "Mario Current with Maze", "Assembly-CSharp-firstpass.csproj", "{51B94CBB-54C3-1215-8329-17FB95DD87CD}"
EndProject
Project("{0D997680-F8EC-5D31-87E7-B7B9619C7C6C}") = "Mario Current with Maze", "Assembly-CSharp.csproj", "{84E5CAE3-F220-E70F-C62F-ABF91D53922E}"
EndProject
Project("{0D997680-F8EC-5D31-87E7-B7B9619C7C6C}") = "Mario Current with Maze", "Assembly-CSharp-Editor.csproj", "{E7CC66A6-A05B-2E97-4E3B-A01D7EC775B2}"
EndProject
Global
	GlobalSection(SolutionConfigurationPlatforms) = preSolution
		Debug|Any CPU = Debug|Any CPU
		Release|Any CPU = Release|Any CPU
	EndGlobalSection
	GlobalSection(ProjectConfigurationPlatforms) = postSolution
		{51B94CBB-54C3-1215-8329-17FB95DD87CD}.Debug|Any CPU.ActiveCfg = Debug|Any CPU
		{51B94CBB-54C3-1215-8329-17FB95DD87CD}.Debug|Any CPU.Build.0 = Debug|Any CPU
		{51B94CBB-54C3-1215-8329-17FB95DD87CD}.Release|Any CPU.ActiveCfg = Release|Any CPU
		{51B94CBB-54C3-1215-8329-17FB95DD87CD}.Release|Any CPU.Build.0 = Release|Any CPU
		{84E5CAE3-F220-E70F-C62F-ABF91D53922E}.Debug|Any CPU.ActiveCfg = Debug|Any CPU
		{84E5CAE3-F220-E70F-C62F-ABF91D53922E}.Debug|Any CPU.Build.0 = Debug|Any CPU
		{84E5CAE3-F220-E70F-C62F-ABF91D53922E}.Release|Any CPU.ActiveCfg = Release|Any CPU
		{84E5CAE3-F220-E70F-C62F-ABF91D53922E}.Release|Any CPU.Build.0 = Release|Any CPU
		{E7CC66A6-A05B-2E97-4E3B-A01D7EC775B2}.Debug|Any CPU.ActiveCfg = Debug|Any CPU
		{E7CC66A6-A05B-2E97-4E3B-A01D7EC775B2}.Debug|Any CPU.Build.0 = Debug|Any CPU
		{E7CC66A6-A05B-2E97-4E3B-A01D7EC775B2}.Release|Any CPU.ActiveCfg = Release|Any CPU
		{E7CC66A6-A05B-2E97-4E3B-A01D7EC775B2}.Release|Any CPU.Build.0 = Release|Any CPU
	EndGlobalSection
EndGlobal
